
Microsoft Visual Studio Solution File, Format Version 12.00
# Visual Studio 14
VisualStudioVersion = 14.0.25123.0
MinimumVisualStudioVersion = 10.0.40219.1
Project("{FAE04EC0-301F-11D3-BF4B-00C04F79EFBC}") = "Previa.ExtranetUserAuthentication", "Previa.ExtranetUserAuthentication\Previa.ExtranetUserAuthentication.csproj", "{FA36B5A7-5113-4BDA-B664-685D54E679CC}"
EndProject
Project("{FAE04EC0-301F-11D3-BF4B-00C04F79EFBC}") = "Previa.ExtranetUserAuthentication.Tests", "Previa.ExtranetUserAuthentication.Tests\Previa.ExtranetUserAuthentication.Tests.csproj", "{297909D5-96F4-41D4-AD07-9B378F20FAE1}"
EndProject
Project("{2150E333-8FDC-42A3-9474-1A3956D46DE8}") = ".nuget", ".nuget", "{4F28EEF4-5B79-4A3A-B1A8-96893E3CEEBF}"
	ProjectSection(SolutionItems) = preProject
		.nuget\NuGet.Config = .nuget\NuGet.Config
		.nuget\NuGet.exe = .nuget\NuGet.exe
		.nuget\NuGet.targets = .nuget\NuGet.targets
	EndProjectSection
EndProject
Project("{FAE04EC0-301F-11D3-BF4B-00C04F79EFBC}") = "Previa.ExtranetUserAuthentication.ServiceProvider", "Previa.ExtranetUserAuthentication.ServiceProvider\Previa.ExtranetUserAuthentication.ServiceProvider.csproj", "{583D8B28-E431-4B32-8C66-719052EA96C0}"
EndProject
Global
	GlobalSection(SolutionConfigurationPlatforms) = preSolution
		daily|Any CPU = daily|Any CPU
		daily|Mixed Platforms = daily|Mixed Platforms
		daily|x86 = daily|x86
		Debug|Any CPU = Debug|Any CPU
		Debug|Mixed Platforms = Debug|Mixed Platforms
		Debug|x86 = Debug|x86
		dev|Any CPU = dev|Any CPU
		dev|Mixed Platforms = dev|Mixed Platforms
		dev|x86 = dev|x86
		dev-absence|Any CPU = dev-absence|Any CPU
		dev-absence|Mixed Platforms = dev-absence|Mixed Platforms
		dev-absence|x86 = dev-absence|x86
		edge|Any CPU = edge|Any CPU
		edge|Mixed Platforms = edge|Mixed Platforms
		edge|x86 = edge|x86
		prod|Any CPU = prod|Any CPU
		prod|Mixed Platforms = prod|Mixed Platforms
		prod|x86 = prod|x86
		Release|Any CPU = Release|Any CPU
		Release|Mixed Platforms = Release|Mixed Platforms
		Release|x86 = Release|x86
		test|Any CPU = test|Any CPU
		test|Mixed Platforms = test|Mixed Platforms
		test|x86 = test|x86
	EndGlobalSection
	GlobalSection(ProjectConfigurationPlatforms) = postSolution
		{FA36B5A7-5113-4BDA-B664-685D54E679CC}.daily|Any CPU.ActiveCfg = daily|Any CPU
		{FA36B5A7-5113-4BDA-B664-685D54E679CC}.daily|Any CPU.Build.0 = daily|Any CPU
		{FA36B5A7-5113-4BDA-B664-685D54E679CC}.daily|Mixed Platforms.ActiveCfg = daily|Any CPU
		{FA36B5A7-5113-4BDA-B664-685D54E679CC}.daily|Mixed Platforms.Build.0 = daily|Any CPU
		{FA36B5A7-5113-4BDA-B664-685D54E679CC}.daily|x86.ActiveCfg = daily|Any CPU
		{FA36B5A7-5113-4BDA-B664-685D54E679CC}.Debug|Any CPU.ActiveCfg = Debug|Any CPU
		{FA36B5A7-5113-4BDA-B664-685D54E679CC}.Debug|Any CPU.Build.0 = Debug|Any CPU
		{FA36B5A7-5113-4BDA-B664-685D54E679CC}.Debug|Mixed Platforms.ActiveCfg = Debug|Any CPU
		{FA36B5A7-5113-4BDA-B664-685D54E679CC}.Debug|Mixed Platforms.Build.0 = Debug|Any CPU
		{FA36B5A7-5113-4BDA-B664-685D54E679CC}.Debug|x86.ActiveCfg = Debug|Any CPU
		{FA36B5A7-5113-4BDA-B664-685D54E679CC}.dev|Any CPU.ActiveCfg = dev|Any CPU
		{FA36B5A7-5113-4BDA-B664-685D54E679CC}.dev|Any CPU.Build.0 = dev|Any CPU
		{FA36B5A7-5113-4BDA-B664-685D54E679CC}.dev|Mixed Platforms.ActiveCfg = dev|Any CPU
		{FA36B5A7-5113-4BDA-B664-685D54E679CC}.dev|Mixed Platforms.Build.0 = dev|Any CPU
		{FA36B5A7-5113-4BDA-B664-685D54E679CC}.dev|x86.ActiveCfg = dev|Any CPU
		{FA36B5A7-5113-4BDA-B664-685D54E679CC}.dev-absence|Any CPU.ActiveCfg = dev|Any CPU
		{FA36B5A7-5113-4BDA-B664-685D54E679CC}.dev-absence|Any CPU.Build.0 = dev|Any CPU
		{FA36B5A7-5113-4BDA-B664-685D54E679CC}.dev-absence|Mixed Platforms.ActiveCfg = dev-absence|Any CPU
		{FA36B5A7-5113-4BDA-B664-685D54E679CC}.dev-absence|Mixed Platforms.Build.0 = dev-absence|Any CPU
		{FA36B5A7-5113-4BDA-B664-685D54E679CC}.dev-absence|x86.ActiveCfg = dev|Any CPU
		{FA36B5A7-5113-4BDA-B664-685D54E679CC}.edge|Any CPU.ActiveCfg = edge|Any CPU
		{FA36B5A7-5113-4BDA-B664-685D54E679CC}.edge|Any CPU.Build.0 = edge|Any CPU
		{FA36B5A7-5113-4BDA-B664-685D54E679CC}.edge|Mixed Platforms.ActiveCfg = edge|Any CPU
		{FA36B5A7-5113-4BDA-B664-685D54E679CC}.edge|Mixed Platforms.Build.0 = edge|Any CPU
		{FA36B5A7-5113-4BDA-B664-685D54E679CC}.edge|x86.ActiveCfg = edge|Any CPU
		{FA36B5A7-5113-4BDA-B664-685D54E679CC}.prod|Any CPU.ActiveCfg = prod|Any CPU
		{FA36B5A7-5113-4BDA-B664-685D54E679CC}.prod|Any CPU.Build.0 = prod|Any CPU
		{FA36B5A7-5113-4BDA-B664-685D54E679CC}.prod|Mixed Platforms.ActiveCfg = prod|Any CPU
		{FA36B5A7-5113-4BDA-B664-685D54E679CC}.prod|Mixed Platforms.Build.0 = prod|Any CPU
		{FA36B5A7-5113-4BDA-B664-685D54E679CC}.prod|x86.ActiveCfg = prod|Any CPU
		{FA36B5A7-5113-4BDA-B664-685D54E679CC}.Release|Any CPU.ActiveCfg = Release|Any CPU
		{FA36B5A7-5113-4BDA-B664-685D54E679CC}.Release|Any CPU.Build.0 = Release|Any CPU
		{FA36B5A7-5113-4BDA-B664-685D54E679CC}.Release|Mixed Platforms.ActiveCfg = Release|Any CPU
		{FA36B5A7-5113-4BDA-B664-685D54E679CC}.Release|Mixed Platforms.Build.0 = Release|Any CPU
		{FA36B5A7-5113-4BDA-B664-685D54E679CC}.Release|x86.ActiveCfg = Release|Any CPU
		{FA36B5A7-5113-4BDA-B664-685D54E679CC}.Release|x86.Build.0 = Release|Any CPU
		{FA36B5A7-5113-4BDA-B664-685D54E679CC}.test|Any CPU.ActiveCfg = test|Any CPU
		{FA36B5A7-5113-4BDA-B664-685D54E679CC}.test|Any CPU.Build.0 = test|Any CPU
		{FA36B5A7-5113-4BDA-B664-685D54E679CC}.test|Mixed Platforms.ActiveCfg = test|Any CPU
		{FA36B5A7-5113-4BDA-B664-685D54E679CC}.test|Mixed Platforms.Build.0 = test|Any CPU
		{FA36B5A7-5113-4BDA-B664-685D54E679CC}.test|x86.ActiveCfg = test|Any CPU
		{297909D5-96F4-41D4-AD07-9B378F20FAE1}.daily|Any CPU.ActiveCfg = daily|Any CPU
		{297909D5-96F4-41D4-AD07-9B378F20FAE1}.daily|Any CPU.Build.0 = daily|Any CPU
		{297909D5-96F4-41D4-AD07-9B378F20FAE1}.daily|Mixed Platforms.ActiveCfg = daily|Any CPU
		{297909D5-96F4-41D4-AD07-9B378F20FAE1}.daily|Mixed Platforms.Build.0 = daily|Any CPU
		{297909D5-96F4-41D4-AD07-9B378F20FAE1}.daily|x86.ActiveCfg = daily|Any CPU
		{297909D5-96F4-41D4-AD07-9B378F20FAE1}.Debug|Any CPU.ActiveCfg = Debug|Any CPU
		{297909D5-96F4-41D4-AD07-9B378F20FAE1}.Debug|Any CPU.Build.0 = Debug|Any CPU
		{297909D5-96F4-41D4-AD07-9B378F20FAE1}.Debug|Mixed Platforms.ActiveCfg = Debug|Any CPU
		{297909D5-96F4-41D4-AD07-9B378F20FAE1}.Debug|Mixed Platforms.Build.0 = Debug|Any CPU
		{297909D5-96F4-41D4-AD07-9B378F20FAE1}.Debug|x86.ActiveCfg = Debug|Any CPU
		{297909D5-96F4-41D4-AD07-9B378F20FAE1}.dev|Any CPU.ActiveCfg = dev|Any CPU
		{297909D5-96F4-41D4-AD07-9B378F20FAE1}.dev|Any CPU.Build.0 = dev|Any CPU
		{297909D5-96F4-41D4-AD07-9B378F20FAE1}.dev|Mixed Platforms.ActiveCfg = dev|Any CPU
		{297909D5-96F4-41D4-AD07-9B378F20FAE1}.dev|Mixed Platforms.Build.0 = dev|Any CPU
		{297909D5-96F4-41D4-AD07-9B378F20FAE1}.dev|x86.ActiveCfg = dev|Any CPU
		{297909D5-96F4-41D4-AD07-9B378F20FAE1}.dev-absence|Any CPU.ActiveCfg = dev|Any CPU
		{297909D5-96F4-41D4-AD07-9B378F20FAE1}.dev-absence|Any CPU.Build.0 = dev|Any CPU
		{297909D5-96F4-41D4-AD07-9B378F20FAE1}.dev-absence|Mixed Platforms.ActiveCfg = dev-absence|Any CPU
		{297909D5-96F4-41D4-AD07-9B378F20FAE1}.dev-absence|Mixed Platforms.Build.0 = dev-absence|Any CPU
		{297909D5-96F4-41D4-AD07-9B378F20FAE1}.dev-absence|x86.ActiveCfg = dev|Any CPU
		{297909D5-96F4-41D4-AD07-9B378F20FAE1}.edge|Any CPU.ActiveCfg = edge|Any CPU
		{297909D5-96F4-41D4-AD07-9B378F20FAE1}.edge|Any CPU.Build.0 = edge|Any CPU
		{297909D5-96F4-41D4-AD07-9B378F20FAE1}.edge|Mixed Platforms.ActiveCfg = edge|Any CPU
		{297909D5-96F4-41D4-AD07-9B378F20FAE1}.edge|Mixed Platforms.Build.0 = edge|Any CPU
		{297909D5-96F4-41D4-AD07-9B378F20FAE1}.edge|x86.ActiveCfg = edge|Any CPU
		{297909D5-96F4-41D4-AD07-9B378F20FAE1}.prod|Any CPU.ActiveCfg = prod|Any CPU
		{297909D5-96F4-41D4-AD07-9B378F20FAE1}.prod|Any CPU.Build.0 = prod|Any CPU
		{297909D5-96F4-41D4-AD07-9B378F20FAE1}.prod|Mixed Platforms.ActiveCfg = prod|Any CPU
		{297909D5-96F4-41D4-AD07-9B378F20FAE1}.prod|Mixed Platforms.Build.0 = prod|Any CPU
		{297909D5-96F4-41D4-AD07-9B378F20FAE1}.prod|x86.ActiveCfg = prod|Any CPU
		{297909D5-96F4-41D4-AD07-9B378F20FAE1}.Release|Any CPU.ActiveCfg = Release|Any CPU
		{297909D5-96F4-41D4-AD07-9B378F20FAE1}.Release|Any CPU.Build.0 = Release|Any CPU
		{297909D5-96F4-41D4-AD07-9B378F20FAE1}.Release|Mixed Platforms.ActiveCfg = Release|Any CPU
		{297909D5-96F4-41D4-AD07-9B378F20FAE1}.Release|Mixed Platforms.Build.0 = Release|Any CPU
		{297909D5-96F4-41D4-AD07-9B378F20FAE1}.Release|x86.ActiveCfg = Release|Any CPU
		{297909D5-96F4-41D4-AD07-9B378F20FAE1}.Release|x86.Build.0 = Release|Any CPU
		{297909D5-96F4-41D4-AD07-9B378F20FAE1}.test|Any CPU.ActiveCfg = test|Any CPU
		{297909D5-96F4-41D4-AD07-9B378F20FAE1}.test|Any CPU.Build.0 = test|Any CPU
		{297909D5-96F4-41D4-AD07-9B378F20FAE1}.test|Mixed Platforms.ActiveCfg = test|Any CPU
		{297909D5-96F4-41D4-AD07-9B378F20FAE1}.test|Mixed Platforms.Build.0 = test|Any CPU
		{297909D5-96F4-41D4-AD07-9B378F20FAE1}.test|x86.ActiveCfg = test|Any CPU
		{583D8B28-E431-4B32-8C66-719052EA96C0}.daily|Any CPU.ActiveCfg = daily|Any CPU
		{583D8B28-E431-4B32-8C66-719052EA96C0}.daily|Any CPU.Build.0 = daily|Any CPU
		{583D8B28-E431-4B32-8C66-719052EA96C0}.daily|Mixed Platforms.ActiveCfg = daily|Any CPU
		{583D8B28-E431-4B32-8C66-719052EA96C0}.daily|Mixed Platforms.Build.0 = daily|Any CPU
		{583D8B28-E431-4B32-8C66-719052EA96C0}.daily|x86.ActiveCfg = daily|Any CPU
		{583D8B28-E431-4B32-8C66-719052EA96C0}.daily|x86.Build.0 = daily|Any CPU
		{583D8B28-E431-4B32-8C66-719052EA96C0}.Debug|Any CPU.ActiveCfg = Debug|Any CPU
		{583D8B28-E431-4B32-8C66-719052EA96C0}.Debug|Any CPU.Build.0 = Debug|Any CPU
		{583D8B28-E431-4B32-8C66-719052EA96C0}.Debug|Mixed Platforms.ActiveCfg = Debug|Any CPU
		{583D8B28-E431-4B32-8C66-719052EA96C0}.Debug|Mixed Platforms.Build.0 = Debug|Any CPU
		{583D8B28-E431-4B32-8C66-719052EA96C0}.Debug|x86.ActiveCfg = Debug|Any CPU
		{583D8B28-E431-4B32-8C66-719052EA96C0}.Debug|x86.Build.0 = Debug|Any CPU
		{583D8B28-E431-4B32-8C66-719052EA96C0}.dev|Any CPU.ActiveCfg = dev|Any CPU
		{583D8B28-E431-4B32-8C66-719052EA96C0}.dev|Any CPU.Build.0 = dev|Any CPU
		{583D8B28-E431-4B32-8C66-719052EA96C0}.dev|Mixed Platforms.ActiveCfg = dev|Any CPU
		{583D8B28-E431-4B32-8C66-719052EA96C0}.dev|Mixed Platforms.Build.0 = dev|Any CPU
		{583D8B28-E431-4B32-8C66-719052EA96C0}.dev|x86.ActiveCfg = dev|Any CPU
		{583D8B28-E431-4B32-8C66-719052EA96C0}.dev|x86.Build.0 = dev|Any CPU
		{583D8B28-E431-4B32-8C66-719052EA96C0}.dev-absence|Any CPU.ActiveCfg = dev-absence|Any CPU
		{583D8B28-E431-4B32-8C66-719052EA96C0}.dev-absence|Any CPU.Build.0 = dev-absence|Any CPU
		{583D8B28-E431-4B32-8C66-719052EA96C0}.dev-absence|Mixed Platforms.ActiveCfg = dev-absence|Any CPU
		{583D8B28-E431-4B32-8C66-719052EA96C0}.dev-absence|Mixed Platforms.Build.0 = dev-absence|Any CPU
		{583D8B28-E431-4B32-8C66-719052EA96C0}.dev-absence|x86.ActiveCfg = dev-absence|Any CPU
		{583D8B28-E431-4B32-8C66-719052EA96C0}.dev-absence|x86.Build.0 = dev-absence|Any CPU
		{583D8B28-E431-4B32-8C66-719052EA96C0}.edge|Any CPU.ActiveCfg = edge|Any CPU
		{583D8B28-E431-4B32-8C66-719052EA96C0}.edge|Any CPU.Build.0 = edge|Any CPU
		{583D8B28-E431-4B32-8C66-719052EA96C0}.edge|Mixed Platforms.ActiveCfg = edge|Any CPU
		{583D8B28-E431-4B32-8C66-719052EA96C0}.edge|Mixed Platforms.Build.0 = edge|Any CPU
		{583D8B28-E431-4B32-8C66-719052EA96C0}.edge|x86.ActiveCfg = edge|Any CPU
		{583D8B28-E431-4B32-8C66-719052EA96C0}.edge|x86.Build.0 = edge|Any CPU
		{583D8B28-E431-4B32-8C66-719052EA96C0}.prod|Any CPU.ActiveCfg = prod|Any CPU
		{583D8B28-E431-4B32-8C66-719052EA96C0}.prod|Any CPU.Build.0 = prod|Any CPU
		{583D8B28-E431-4B32-8C66-719052EA96C0}.prod|Mixed Platforms.ActiveCfg = prod|Any CPU
		{583D8B28-E431-4B32-8C66-719052EA96C0}.prod|Mixed Platforms.Build.0 = prod|Any CPU
		{583D8B28-E431-4B32-8C66-719052EA96C0}.prod|x86.ActiveCfg = prod|Any CPU
		{583D8B28-E431-4B32-8C66-719052EA96C0}.prod|x86.Build.0 = prod|Any CPU
		{583D8B28-E431-4B32-8C66-719052EA96C0}.Release|Any CPU.ActiveCfg = Release|Any CPU
		{583D8B28-E431-4B32-8C66-719052EA96C0}.Release|Any CPU.Build.0 = Release|Any CPU
		{583D8B28-E431-4B32-8C66-719052EA96C0}.Release|Mixed Platforms.ActiveCfg = Release|Any CPU
		{583D8B28-E431-4B32-8C66-719052EA96C0}.Release|Mixed Platforms.Build.0 = Release|Any CPU
		{583D8B28-E431-4B32-8C66-719052EA96C0}.Release|x86.ActiveCfg = Release|Any CPU
		{583D8B28-E431-4B32-8C66-719052EA96C0}.Release|x86.Build.0 = Release|Any CPU
		{583D8B28-E431-4B32-8C66-719052EA96C0}.test|Any CPU.ActiveCfg = test|Any CPU
		{583D8B28-E431-4B32-8C66-719052EA96C0}.test|Any CPU.Build.0 = test|Any CPU
		{583D8B28-E431-4B32-8C66-719052EA96C0}.test|Mixed Platforms.ActiveCfg = test|Any CPU
		{583D8B28-E431-4B32-8C66-719052EA96C0}.test|Mixed Platforms.Build.0 = test|Any CPU
		{583D8B28-E431-4B32-8C66-719052EA96C0}.test|x86.ActiveCfg = test|Any CPU
		{583D8B28-E431-4B32-8C66-719052EA96C0}.test|x86.Build.0 = test|Any CPU
	EndGlobalSection
	GlobalSection(SolutionProperties) = preSolution
		HideSolutionNode = FALSE
	EndGlobalSection
EndGlobal
